// !$*UTF8*$!
{
	archiveVersion = 1;
	classes = {
	};
	objectVersion = 46;
	objects = {

/* Begin PBXBuildFile section */
		445FE35E1B1C3B8E003AAC19 /* main.m in Sources */ = {isa = PBXBuildFile; fileRef = 445FE35D1B1C3B8E003AAC19 /* main.m */; };
		445FE3611B1C3B8E003AAC19 /* AppDelegate.m in Sources */ = {isa = PBXBuildFile; fileRef = 445FE3601B1C3B8E003AAC19 /* AppDelegate.m */; };
		445FE3641B1C3B8E003AAC19 /* ViewController.m in Sources */ = {isa = PBXBuildFile; fileRef = 445FE3631B1C3B8E003AAC19 /* ViewController.m */; };
		445FE3671B1C3B8E003AAC19 /* Main.storyboard in Resources */ = {isa = PBXBuildFile; fileRef = 445FE3651B1C3B8E003AAC19 /* Main.storyboard */; };
		445FE3691B1C3B8E003AAC19 /* Images.xcassets in Resources */ = {isa = PBXBuildFile; fileRef = 445FE3681B1C3B8E003AAC19 /* Images.xcassets */; };
		445FE36C1B1C3B8E003AAC19 /* LaunchScreen.xib in Resources */ = {isa = PBXBuildFile; fileRef = 445FE36A1B1C3B8E003AAC19 /* LaunchScreen.xib */; };
		445FE3781B1C3B8E003AAC19 /* _9_WebViewTests.m in Sources */ = {isa = PBXBuildFile; fileRef = 445FE3771B1C3B8E003AAC19 /* _9_WebViewTests.m */; };
/* End PBXBuildFile section */

/* Begin PBXContainerItemProxy section */
		445FE3721B1C3B8E003AAC19 /* PBXContainerItemProxy */ = {
			isa = PBXContainerItemProxy;
			containerPortal = 445FE3501B1C3B8E003AAC19 /* Project object */;
			proxyType = 1;
			remoteGlobalIDString = 445FE3571B1C3B8E003AAC19;
			remoteInfo = 39.WebView;
		};
/* End PBXContainerItemProxy section */

/* Begin PBXFileReference section */
		445FE3581B1C3B8E003AAC19 /* 39.WebView.app */ = {isa = PBXFileReference; explicitFileType = wrapper.application; includeInIndex = 0; path = 39.WebView.app; sourceTree = BUILT_PRODUCTS_DIR; };
		445FE35C1B1C3B8E003AAC19 /* Info.plist */ = {isa = PBXFileReference; lastKnownFileType = text.plist.xml; path = Info.plist; sourceTree = "<group>"; };
		445FE35D1B1C3B8E003AAC19 /* main.m */ = {isa = PBXFileReference; lastKnownFileType = sourcecode.c.objc; path = main.m; sourceTree = "<group>"; };
		445FE35F1B1C3B8E003AAC19 /* AppDelegate.h */ = {isa = PBXFileReference; lastKnownFileType = sourcecode.c.h; path = AppDelegate.h; sourceTree = "<group>"; };
		445FE3601B1C3B8E003AAC19 /* AppDelegate.m */ = {isa = PBXFileReference; lastKnownFileType = sourcecode.c.objc; path = AppDelegate.m; sourceTree = "<group>"; };
		445FE3621B1C3B8E003AAC19 /* ViewController.h */ = {isa = PBXFileReference; lastKnownFileType = sourcecode.c.h; path = ViewController.h; sourceTree = "<group>"; };
		445FE3631B1C3B8E003AAC19 /* ViewController.m */ = {isa = PBXFileReference; lastKnownFileType = sourcecode.c.objc; path = ViewController.m; sourceTree = "<group>"; };
		445FE3661B1C3B8E003AAC19 /* Base */ = {isa = PBXFileReference; lastKnownFileType = file.storyboard; name = Base; path = Base.lproj/Main.storyboard; sourceTree = "<group>"; };
		445FE3681B1C3B8E003AAC19 /* Images.xcassets */ = {isa = PBXFileReference; lastKnownFileType = folder.assetcatalog; path = Images.xcassets; sourceTree = "<group>"; };
		445FE36B1B1C3B8E003AAC19 /* Base */ = {isa = PBXFileReference; lastKnownFileType = file.xib; name = Base; path = Base.lproj/LaunchScreen.xib; sourceTree = "<group>"; };
		445FE3711B1C3B8E003AAC19 /* 39.WebViewTests.xctest */ = {isa = PBXFileReference; explicitFileType = wrapper.cfbundle; includeInIndex = 0; path = 39.WebViewTests.xctest; sourceTree = BUILT_PRODUCTS_DIR; };
		445FE3761B1C3B8E003AAC19 /* Info.plist */ = {isa = PBXFileReference; lastKnownFileType = text.plist.xml; path = Info.plist; sourceTree = "<group>"; };
		445FE3771B1C3B8E003AAC19 /* _9_WebViewTests.m */ = {isa = PBXFileReference; lastKnownFileType = sourcecode.c.objc; path = _9_WebViewTests.m; sourceTree = "<group>"; };
/* End PBXFileReference section */

/* Begin PBXFrameworksBuildPhase section */
		445FE3551B1C3B8E003AAC19 /* Frameworks */ = {
			isa = PBXFrameworksBuildPhase;
			buildActionMask = 2147483647;
			files = (
			);
			runOnlyForDeploymentPostprocessing = 0;
		};
		445FE36E1B1C3B8E003AAC19 /* Frameworks */ = {
			isa = PBXFrameworksBuildPhase;
			buildActionMask = 2147483647;
			files = (
			);
			runOnlyForDeploymentPostprocessing = 0;
		};
/* End PBXFrameworksBuildPhase section */

/* Begin PBXGroup section */
		445FE34F1B1C3B8E003AAC19 = {
			isa = PBXGroup;
			children = (
				445FE35A1B1C3B8E003AAC19 /* 39.WebView */,
				445FE3741B1C3B8E003AAC19 /* 39.WebViewTests */,
				445FE3591B1C3B8E003AAC19 /* Products */,
			);
			sourceTree = "<group>";
		};
		445FE3591B1C3B8E003AAC19 /* Products */ = {
			isa = PBXGroup;
			children = (
				445FE3581B1C3B8E003AAC19 /* 39.WebView.app */,
				445FE3711B1C3B8E003AAC19 /* 39.WebViewTests.xctest */,
			);
			name = Products;
			sourceTree = "<group>";
		};
		445FE35A1B1C3B8E003AAC19 /* 39.WebView */ = {
			isa = PBXGroup;
			children = (
				445FE35F1B1C3B8E003AAC19 /* AppDelegate.h */,
				445FE3601B1C3B8E003AAC19 /* AppDelegate.m */,
				445FE3621B1C3B8E003AAC19 /* ViewController.h */,
				445FE3631B1C3B8E003AAC19 /* ViewController.m */,
				445FE3651B1C3B8E003AAC19 /* Main.storyboard */,
				445FE3681B1C3B8E003AAC19 /* Images.xcassets */,
				445FE36A1B1C3B8E003AAC19 /* LaunchScreen.xib */,
				445FE35B1B1C3B8E003AAC19 /* Supporting Files */,
			);
			path = 39.WebView;
			sourceTree = "<group>";
		};
		445FE35B1B1C3B8E003AAC19 /* Supporting Files */ = {
			isa = PBXGroup;
			children = (
				445FE35C1B1C3B8E003AAC19 /* Info.plist */,
				445FE35D1B1C3B8E003AAC19 /* main.m */,
			);
			name = "Supporting Files";
			sourceTree = "<group>";
		};
		445FE3741B1C3B8E003AAC19 /* 39.WebViewTests */ = {
			isa = PBXGroup;
			children = (
				445FE3771B1C3B8E003AAC19 /* _9_WebViewTests.m */,
				445FE3751B1C3B8E003AAC19 /* Supporting Files */,
			);
			path = 39.WebViewTests;
			sourceTree = "<group>";
		};
		445FE3751B1C3B8E003AAC19 /* Supporting Files */ = {
			isa = PBXGroup;
			children = (
				445FE3761B1C3B8E003AAC19 /* Info.plist */,
			);
			name = "Supporting Files";
			sourceTree = "<group>";
		};
/* End PBXGroup section */

/* Begin PBXNativeTarget section */
		445FE3571B1C3B8E003AAC19 /* 39.WebView */ = {
			isa = PBXNativeTarget;
			buildConfigurationList = 445FE37B1B1C3B8E003AAC19 /* Build configuration list for PBXNativeTarget "39.WebView" */;
			buildPhases = (
				445FE3541B1C3B8E003AAC19 /* Sources */,
				445FE3551B1C3B8E003AAC19 /* Frameworks */,
				445FE3561B1C3B8E003AAC19 /* Resources */,
			);
			buildRules = (
			);
			dependencies = (
			);
			name = 39.WebView;
			productName = 39.WebView;
			productReference = 445FE3581B1C3B8E003AAC19 /* 39.WebView.app */;
			productType = "com.apple.product-type.application";
		};
		445FE3701B1C3B8E003AAC19 /* 39.WebViewTests */ = {
			isa = PBXNativeTarget;
			buildConfigurationList = 445FE37E1B1C3B8E003AAC19 /* Build configuration list for PBXNativeTarget "39.WebViewTests" */;
			buildPhases = (
				445FE36D1B1C3B8E003AAC19 /* Sources */,
				445FE36E1B1C3B8E003AAC19 /* Frameworks */,
				445FE36F1B1C3B8E003AAC19 /* Resources */,
			);
			buildRules = (
			);
			dependencies = (
				445FE3731B1C3B8E003AAC19 /* PBXTargetDependency */,
			);
			name = 39.WebViewTests;
			productName = 39.WebViewTests;
			productReference = 445FE3711B1C3B8E003AAC19 /* 39.WebViewTests.xctest */;
			productType = "com.apple.product-type.bundle.unit-test";
		};
/* End PBXNativeTarget section */

/* Begin PBXProject section */
		445FE3501B1C3B8E003AAC19 /* Project object */ = {
			isa = PBXProject;
			attributes = {
				LastUpgradeCheck = 0630;
				ORGANIZATIONNAME = temateorema;
				TargetAttributes = {
					445FE3571B1C3B8E003AAC19 = {
						CreatedOnToolsVersion = 6.3.1;
					};
					445FE3701B1C3B8E003AAC19 = {
						CreatedOnToolsVersion = 6.3.1;
						TestTargetID = 445FE3571B1C3B8E003AAC19;
					};
				};
			};
			buildConfigurationList = 445FE3531B1C3B8E003AAC19 /* Build configuration list for PBXProject "39.WebView" */;
			compatibilityVersion = "Xcode 3.2";
			developmentRegion = English;
			hasScannedForEncodings = 0;
			knownRegions = (
				en,
				Base,
			);
			mainGroup = 445FE34F1B1C3B8E003AAC19;
			productRefGroup = 445FE3591B1C3B8E003AAC19 /* Products */;
			projectDirPath = "";
			projectRoot = "";
			targets = (
				445FE3571B1C3B8E003AAC19 /* 39.WebView */,
				445FE3701B1C3B8E003AAC19 /* 39.WebViewTests */,
			);
		};
/* End PBXProject section */

/* Begin PBXResourcesBuildPhase section */
		445FE3561B1C3B8E003AAC19 /* Resources */ = {
			isa = PBXResourcesBuildPhase;
			buildActionMask = 2147483647;
			files = (
				445FE3671B1C3B8E003AAC19 /* Main.storyboard in Resources */,
				445FE36C1B1C3B8E003AAC19 /* LaunchScreen.xib in Resources */,
				445FE3691B1C3B8E003AAC19 /* Images.xcassets in Resources */,
			);
			runOnlyForDeploymentPostprocessing = 0;
		};
		445FE36F1B1C3B8E003AAC19 /* Resources */ = {
			isa = PBXResourcesBuildPhase;
			buildActionMask = 2147483647;
			files = (
			);
			runOnlyForDeploymentPostprocessing = 0;
		};
/* End PBXResourcesBuildPhase section */

/* Begin PBXSourcesBuildPhase section */
		445FE3541B1C3B8E003AAC19 /* Sources */ = {
			isa = PBXSourcesBuildPhase;
			buildActionMask = 2147483647;
			files = (
				445FE3641B1C3B8E003AAC19 /* ViewController.m in Sources */,
				445FE3611B1C3B8E003AAC19 /* AppDelegate.m in Sources */,
				445FE35E1B1C3B8E003AAC19 /* main.m in Sources */,
			);
			runOnlyForDeploymentPostprocessing = 0;
		};
		445FE36D1B1C3B8E003AAC19 /* Sources */ = {
			isa = PBXSourcesBuildPhase;
			buildActionMask = 2147483647;
			files = (
				445FE3781B1C3B8E003AAC19 /* _9_WebViewTests.m in Sources */,
			);
			runOnlyForDeploymentPostprocessing = 0;
		};
/* End PBXSourcesBuildPhase section */

/* Begin PBXTargetDependency section */
		445FE3731B1C3B8E003AAC19 /* PBXTargetDependency */ = {
			isa = PBXTargetDependency;
			target = 445FE3571B1C3B8E003AAC19 /* 39.WebView */;
			targetProxy = 445FE3721B1C3B8E003AAC19 /* PBXContainerItemProxy */;
		};
/* End PBXTargetDependency section */

/* Begin PBXVariantGroup section */
		445FE3651B1C3B8E003AAC19 /* Main.storyboard */ = {
			isa = PBXVariantGroup;
			children = (
				445FE3661B1C3B8E003AAC19 /* Base */,
			);
			name = Main.storyboard;
			sourceTree = "<group>";
		};
		445FE36A1B1C3B8E003AAC19 /* LaunchScreen.xib */ = {
			isa = PBXVariantGroup;
			children = (
				445FE36B1B1C3B8E003AAC19 /* Base */,
			);
			name = LaunchScreen.xib;
			sourceTree = "<group>";
		};
/* End PBXVariantGroup section */

/* Begin XCBuildConfiguration section */
		445FE3791B1C3B8E003AAC19 /* Debug */ = {
			isa = XCBuildConfiguration;
			buildSettings = {
				ALWAYS_SEARCH_USER_PATHS = NO;
				CLANG_CXX_LANGUAGE_STANDARD = "gnu++0x";
				CLANG_CXX_LIBRARY = "libc++";
				CLANG_ENABLE_MODULES = YES;
				CLANG_ENABLE_OBJC_ARC = YES;
				CLANG_WARN_BOOL_CONVERSION = YES;
				CLANG_WARN_CONSTANT_CONVERSION = YES;
				CLANG_WARN_DIRECT_OBJC_ISA_USAGE = YES_ERROR;
				CLANG_WARN_EMPTY_BODY = YES;
				CLANG_WARN_ENUM_CONVERSION = YES;
				CLANG_WARN_INT_CONVERSION = YES;
				CLANG_WARN_OBJC_ROOT_CLASS = YES_ERROR;
				CLANG_WARN_UNREACHABLE_CODE = YES;
				CLANG_WARN__DUPLICATE_METHOD_MATCH = YES;
				"CODE_SIGN_IDENTITY[sdk=iphoneos*]" = "iPhone Developer";
				COPY_PHASE_STRIP = NO;
				DEBUG_INFORMATION_FORMAT = "dwarf-with-dsym";
				ENABLE_STRICT_OBJC_MSGSEND = YES;
				GCC_C_LANGUAGE_STANDARD = gnu99;
				GCC_DYNAMIC_NO_PIC = NO;
				GCC_NO_COMMON_BLOCKS = YES;
				GCC_OPTIMIZATION_LEVEL = 0;
				GCC_PREPROCESSOR_DEFINITIONS = (
					"DEBUG=1",
					"$(inherited)",
				);
				GCC_SYMBOLS_PRIVATE_EXTERN = NO;
				GCC_WARN_64_TO_32_BIT_CONVERSION = YES;
				GCC_WARN_ABOUT_RETURN_TYPE = YES_ERROR;
				GCC_WARN_UNDECLARED_SELECTOR = YES;
				GCC_WARN_UNINITIALIZED_AUTOS = YES_AGGRESSIVE;
				GCC_WARN_UNUSED_FUNCTION = YES;
				GCC_WARN_UNUSED_VARIABLE = YES;
				IPHONEOS_DEPLOYMENT_TARGET = 8.3;
				MTL_ENABLE_DEBUG_INFO = YES;
				ONLY_ACTIVE_ARCH = YES;
				SDKROOT = iphoneos;
			};
			name = Debug;
		};
		445FE37A1B1C3B8E003AAC19 /* Release */ = {
			isa = XCBuildConfiguration;
			buildSettings = {
				ALWAYS_SEARCH_USER_PATHS = NO;
				CLANG_CXX_LANGUAGE_STANDARD = "gnu++0x";
				CLANG_CXX_LIBRARY = "libc++";
				CLANG_ENABLE_MODULES = YES;
				CLANG_ENABLE_OBJC_ARC = YES;
				CLANG_WARN_BOOL_CONVERSION = YES;
				CLANG_WARN_CONSTANT_CONVERSION = YES;
				CLANG_WARN_DIRECT_OBJC_ISA_USAGE = YES_ERROR;
				CLANG_WARN_EMPTY_BODY = YES;
				CLANG_WARN_ENUM_CONVERSION = YES;
				CLANG_WARN_INT_CONVERSION = YES;
				CLANG_WARN_OBJC_ROOT_CLASS = YES_ERROR;
				CLANG_WARN_UNREACHABLE_CODE = YES;
				CLANG_WARN__DUPLICATE_METHOD_MATCH = YES;
				"CODE_SIGN_IDENTITY[sdk=iphoneos*]" = "iPhone Developer";
				COPY_PHASE_STRIP = NO;
				DEBUG_INFORMATION_FORMAT = "dwarf-with-dsym";
				ENABLE_NS_ASSERTIONS = NO;
				ENABLE_STRICT_OBJC_MSGSEND = YES;
				GCC_C_LANGUAGE_STANDARD = gnu99;
				GCC_NO_COMMON_BLOCKS = YES;
				GCC_WARN_64_TO_32_BIT_CONVERSION = YES;
				GCC_WARN_ABOUT_RETURN_TYPE = YES_ERROR;
				GCC_WARN_UNDECLARED_SELECTOR = YES;
				GCC_WARN_UNINITIALIZED_AUTOS = YES_AGGRESSIVE;
				GCC_WARN_UNUSED_FUNCTION = YES;
				GCC_WARN_UNUSED_VARIABLE = YES;
				IPHONEOS_DEPLOYMENT_TARGET = 8.3;
				MTL_ENABLE_DEBUG_INFO = NO;
				SDKROOT = iphoneos;
				VALIDATE_PRODUCT = YES;
			};
			name = Release;
		};
		445FE37C1B1C3B8E003AAC19 /* Debug */ = {
			isa = XCBuildConfiguration;
			buildSettings = {
				ASSETCATALOG_COMPILER_APPICON_NAME = AppIcon;
				INFOPLIST_FILE = 39.WebView/Info.plist;
				LD_RUNPATH_SEARCH_PATHS = "$(inherited) @executable_path/Frameworks";
				PRODUCT_NAME = "$(TARGET_NAME)";
			};
			name = Debug;
		};
		445FE37D1B1C3B8E003AAC19 /* Release */ = {
			isa = XCBuildConfiguration;
			buildSettings = {
				ASSETCATALOG_COMPILER_APPICON_NAME = AppIcon;
				INFOPLIST_FILE = 39.WebView/Info.plist;
				LD_RUNPATH_SEARCH_PATHS = "$(inherited) @executable_path/Frameworks";
				PRODUCT_NAME = "$(TARGET_NAME)";
			};
			name = Release;
		};
		445FE37F1B1C3B8E003AAC19 /* Debug */ = {
			isa = XCBuildConfiguration;
			buildSettings = {
				BUNDLE_LOADER = "$(TEST_HOST)";
				FRAMEWORK_SEARCH_PATHS = (
					"$(SDKROOT)/Developer/Library/Frameworks",
					"$(inherited)",
				);
				GCC_PREPROCESSOR_DEFINITIONS = (
					"DEBUG=1",
					"$(inherited)",
				);
				INFOPLIST_FILE = 39.WebViewTests/Info.plist;
				LD_RUNPATH_SEARCH_PATHS = "$(inherited) @executable_path/Frameworks @loader_path/Frameworks";
				PRODUCT_NAME = "$(TARGET_NAME)";
				TEST_HOST = "$(BUILT_PRODUCTS_DIR)/39.WebView.app/39.WebView";
			};
			name = Debug;
		};
		445FE3801B1C3B8E003AAC19 /* Release */ = {
			isa = XCBuildConfiguration;
			buildSettings = {
				BUNDLE_LOADER = "$(TEST_HOST)";
				FRAMEWORK_SEARCH_PATHS = (
					"$(SDKROOT)/Developer/Library/Frameworks",
					"$(inherited)",
				);
				INFOPLIST_FILE = 39.WebViewTests/Info.plist;
				LD_RUNPATH_SEARCH_PATHS = "$(inherited) @executable_path/Frameworks @loader_path/Frameworks";
				PRODUCT_NAME = "$(TARGET_NAME)";
				TEST_HOST = "$(BUILT_PRODUCTS_DIR)/39.WebView.app/39.WebView";
			};
			name = Release;
		};
/* End XCBuildConfiguration section */

/* Begin XCConfigurationList section */
		445FE3531B1C3B8E003AAC19 /* Build configuration list for PBXProject "39.WebView" */ = {
			isa = XCConfigurationList;
			buildConfigurations = (
				445FE3791B1C3B8E003AAC19 /* Debug */,
				445FE37A1B1C3B8E003AAC19 /* Release */,
			);
			defaultConfigurationIsVisible = 0;
			defaultConfigurationName = Release;
		};
		445FE37B1B1C3B8E003AAC19 /* Build configuration list for PBXNativeTarget "39.WebView" */ = {
			isa = XCConfigurationList;
			buildConfigurations = (
				445FE37C1B1C3B8E003AAC19 /* Debug */,
				445FE37D1B1C3B8E003AAC19 /* Release */,
			);
			defaultConfigurationIsVisible = 0;
		};
		445FE37E1B1C3B8E003AAC19 /* Build configuration list for PBXNativeTarget "39.WebViewTests" */ = {
			isa = XCConfigurationList;
			buildConfigurations = (
				445FE37F1B1C3B8E003AAC19 /* Debug */,
				445FE3801B1C3B8E003AAC19 /* Release */,
			);
			defaultConfigurationIsVisible = 0;
		};
/* End XCConfigurationList section */
	};
	rootObject = 445FE3501B1C3B8E003AAC19 /* Project object */;
}
